// !$*UTF8*$!
{
	archiveVersion = 1;
	classes = {
	};
	objectVersion = 56;
	objects = {

/* Begin PBXBuildFile section */
		580EBB732A7046B200625466 /* Pets_Of_EulerityApp.swift in Sources */ = {isa = PBXBuildFile; fileRef = 580EBB722A7046B200625466 /* Pets_Of_EulerityApp.swift */; };
		580EBB752A7046B200625466 /* ContentView.swift in Sources */ = {isa = PBXBuildFile; fileRef = 580EBB742A7046B200625466 /* ContentView.swift */; };
		580EBB782A7046CC00625466 /* Preview Assets.xcassets in Resources */ = {isa = PBXBuildFile; fileRef = 580EBB772A7046CC00625466 /* Preview Assets.xcassets */; };
		580EBB7A2A7046CC00625466 /* Persistence.swift in Sources */ = {isa = PBXBuildFile; fileRef = 580EBB792A7046CC00625466 /* Persistence.swift */; };
		580EBB7D2A7046CC00625466 /* Pets_Of_Eulerity.xcdatamodeld in Sources */ = {isa = PBXBuildFile; fileRef = 580EBB7B2A7046CC00625466 /* Pets_Of_Eulerity.xcdatamodeld */; };
		580EBB872A7046CC00625466 /* Pets_Of_EulerityTests.swift in Sources */ = {isa = PBXBuildFile; fileRef = 580EBB862A7046CC00625466 /* Pets_Of_EulerityTests.swift */; };
		580EBB912A7046CC00625466 /* Pets_Of_EulerityUITests.swift in Sources */ = {isa = PBXBuildFile; fileRef = 580EBB902A7046CC00625466 /* Pets_Of_EulerityUITests.swift */; };
		580EBB932A7046CC00625466 /* Pets_Of_EulerityUITestsLaunchTests.swift in Sources */ = {isa = PBXBuildFile; fileRef = 580EBB922A7046CC00625466 /* Pets_Of_EulerityUITestsLaunchTests.swift */; };
/* End PBXBuildFile section */

/* Begin PBXContainerItemProxy section */
		580EBB832A7046CC00625466 /* PBXContainerItemProxy */ = {
			isa = PBXContainerItemProxy;
			containerPortal = 580EBB672A7046B200625466 /* Project object */;
			proxyType = 1;
			remoteGlobalIDString = 580EBB6E2A7046B200625466;
			remoteInfo = "Pets Of Eulerity";
		};
		580EBB8D2A7046CC00625466 /* PBXContainerItemProxy */ = {
			isa = PBXContainerItemProxy;
			containerPortal = 580EBB672A7046B200625466 /* Project object */;
			proxyType = 1;
			remoteGlobalIDString = 580EBB6E2A7046B200625466;
			remoteInfo = "Pets Of Eulerity";
		};
/* End PBXContainerItemProxy section */

/* Begin PBXFileReference section */
		580EBB6F2A7046B200625466 /* Pets Of Eulerity.app */ = {isa = PBXFileReference; explicitFileType = wrapper.application; includeInIndex = 0; path = "Pets Of Eulerity.app"; sourceTree = BUILT_PRODUCTS_DIR; };
		580EBB722A7046B200625466 /* Pets_Of_EulerityApp.swift */ = {isa = PBXFileReference; lastKnownFileType = sourcecode.swift; path = Pets_Of_EulerityApp.swift; sourceTree = "<group>"; };
		580EBB742A7046B200625466 /* ContentView.swift */ = {isa = PBXFileReference; lastKnownFileType = sourcecode.swift; path = ContentView.swift; sourceTree = "<group>"; };
		580EBB772A7046CC00625466 /* Preview Assets.xcassets */ = {isa = PBXFileReference; lastKnownFileType = folder.assetcatalog; path = "Preview Assets.xcassets"; sourceTree = "<group>"; };
		580EBB792A7046CC00625466 /* Persistence.swift */ = {isa = PBXFileReference; lastKnownFileType = sourcecode.swift; path = Persistence.swift; sourceTree = "<group>"; };
		580EBB7C2A7046CC00625466 /* Pets_Of_Eulerity.xcdatamodel */ = {isa = PBXFileReference; lastKnownFileType = wrapper.xcdatamodel; path = Pets_Of_Eulerity.xcdatamodel; sourceTree = "<group>"; };
		580EBB822A7046CC00625466 /* Pets Of EulerityTests.xctest */ = {isa = PBXFileReference; explicitFileType = wrapper.cfbundle; includeInIndex = 0; path = "Pets Of EulerityTests.xctest"; sourceTree = BUILT_PRODUCTS_DIR; };
		580EBB862A7046CC00625466 /* Pets_Of_EulerityTests.swift */ = {isa = PBXFileReference; lastKnownFileType = sourcecode.swift; path = Pets_Of_EulerityTests.swift; sourceTree = "<group>"; };
		580EBB8C2A7046CC00625466 /* Pets Of EulerityUITests.xctest */ = {isa = PBXFileReference; explicitFileType = wrapper.cfbundle; includeInIndex = 0; path = "Pets Of EulerityUITests.xctest"; sourceTree = BUILT_PRODUCTS_DIR; };
		580EBB902A7046CC00625466 /* Pets_Of_EulerityUITests.swift */ = {isa = PBXFileReference; lastKnownFileType = sourcecode.swift; path = Pets_Of_EulerityUITests.swift; sourceTree = "<group>"; };
		580EBB922A7046CC00625466 /* Pets_Of_EulerityUITestsLaunchTests.swift */ = {isa = PBXFileReference; lastKnownFileType = sourcecode.swift; path = Pets_Of_EulerityUITestsLaunchTests.swift; sourceTree = "<group>"; };
/* End PBXFileReference section */

/* Begin PBXFrameworksBuildPhase section */
		580EBB6C2A7046B200625466 /* Frameworks */ = {
			isa = PBXFrameworksBuildPhase;
			buildActionMask = 2147483647;
			files = (
			);
			runOnlyForDeploymentPostprocessing = 0;
		};
		580EBB7F2A7046CC00625466 /* Frameworks */ = {
			isa = PBXFrameworksBuildPhase;
			buildActionMask = 2147483647;
			files = (
			);
			runOnlyForDeploymentPostprocessing = 0;
		};
		580EBB892A7046CC00625466 /* Frameworks */ = {
			isa = PBXFrameworksBuildPhase;
			buildActionMask = 2147483647;
			files = (
			);
			runOnlyForDeploymentPostprocessing = 0;
		};
/* End PBXFrameworksBuildPhase section */

/* Begin PBXGroup section */
		580EBB662A7046B200625466 = {
			isa = PBXGroup;
			children = (
				580EBB712A7046B200625466 /* Pets Of Eulerity */,
				580EBB852A7046CC00625466 /* Pets Of EulerityTests */,
				580EBB8F2A7046CC00625466 /* Pets Of EulerityUITests */,
				580EBB702A7046B200625466 /* Products */,
			);
			sourceTree = "<group>";
		};
		580EBB702A7046B200625466 /* Products */ = {
			isa = PBXGroup;
			children = (
				580EBB6F2A7046B200625466 /* Pets Of Eulerity.app */,
				580EBB822A7046CC00625466 /* Pets Of EulerityTests.xctest */,
				580EBB8C2A7046CC00625466 /* Pets Of EulerityUITests.xctest */,
			);
			name = Products;
			sourceTree = "<group>";
		};
		580EBB712A7046B200625466 /* Pets Of Eulerity */ = {
			isa = PBXGroup;
			children = (
				580EBB722A7046B200625466 /* Pets_Of_EulerityApp.swift */,
				580EBB742A7046B200625466 /* ContentView.swift */,
				580EBB792A7046CC00625466 /* Persistence.swift */,
				580EBB7B2A7046CC00625466 /* Pets_Of_Eulerity.xcdatamodeld */,
				580EBB762A7046CC00625466 /* Preview Content */,
			);
			path = "Pets Of Eulerity";
			sourceTree = "<group>";
		};
		580EBB762A7046CC00625466 /* Preview Content */ = {
			isa = PBXGroup;
			children = (
				580EBB772A7046CC00625466 /* Preview Assets.xcassets */,
			);
			path = "Preview Content";
			sourceTree = "<group>";
		};
		580EBB852A7046CC00625466 /* Pets Of EulerityTests */ = {
			isa = PBXGroup;
			children = (
				580EBB862A7046CC00625466 /* Pets_Of_EulerityTests.swift */,
			);
			path = "Pets Of EulerityTests";
			sourceTree = "<group>";
		};
		580EBB8F2A7046CC00625466 /* Pets Of EulerityUITests */ = {
			isa = PBXGroup;
			children = (
				580EBB902A7046CC00625466 /* Pets_Of_EulerityUITests.swift */,
				580EBB922A7046CC00625466 /* Pets_Of_EulerityUITestsLaunchTests.swift */,
			);
			path = "Pets Of EulerityUITests";
			sourceTree = "<group>";
		};
/* End PBXGroup section */

/* Begin PBXNativeTarget section */
		580EBB6E2A7046B200625466 /* Pets Of Eulerity */ = {
			isa = PBXNativeTarget;
			buildConfigurationList = 580EBB962A7046CC00625466 /* Build configuration list for PBXNativeTarget "Pets Of Eulerity" */;
			buildPhases = (
				580EBB6B2A7046B200625466 /* Sources */,
				580EBB6C2A7046B200625466 /* Frameworks */,
				580EBB6D2A7046B200625466 /* Resources */,
			);
			buildRules = (
			);
			dependencies = (
			);
			name = "Pets Of Eulerity";
			productName = "Pets Of Eulerity";
			productReference = 580EBB6F2A7046B200625466 /* Pets Of Eulerity.app */;
			productType = "com.apple.product-type.application";
		};
		580EBB812A7046CC00625466 /* Pets Of EulerityTests */ = {
			isa = PBXNativeTarget;
			buildConfigurationList = 580EBB992A7046CC00625466 /* Build configuration list for PBXNativeTarget "Pets Of EulerityTests" */;
			buildPhases = (
				580EBB7E2A7046CC00625466 /* Sources */,
				580EBB7F2A7046CC00625466 /* Frameworks */,
				580EBB802A7046CC00625466 /* Resources */,
			);
			buildRules = (
			);
			dependencies = (
				580EBB842A7046CC00625466 /* PBXTargetDependency */,
			);
			name = "Pets Of EulerityTests";
			productName = "Pets Of EulerityTests";
			productReference = 580EBB822A7046CC00625466 /* Pets Of EulerityTests.xctest */;
			productType = "com.apple.product-type.bundle.unit-test";
		};
		580EBB8B2A7046CC00625466 /* Pets Of EulerityUITests */ = {
			isa = PBXNativeTarget;
			buildConfigurationList = 580EBB9C2A7046CC00625466 /* Build configuration list for PBXNativeTarget "Pets Of EulerityUITests" */;
			buildPhases = (
				580EBB882A7046CC00625466 /* Sources */,
				580EBB892A7046CC00625466 /* Frameworks */,
				580EBB8A2A7046CC00625466 /* Resources */,
			);
			buildRules = (
			);
			dependencies = (
				580EBB8E2A7046CC00625466 /* PBXTargetDependency */,
			);
			name = "Pets Of EulerityUITests";
			productName = "Pets Of EulerityUITests";
			productReference = 580EBB8C2A7046CC00625466 /* Pets Of EulerityUITests.xctest */;
			productType = "com.apple.product-type.bundle.ui-testing";
		};
/* End PBXNativeTarget section */

/* Begin PBXProject section */
		580EBB672A7046B200625466 /* Project object */ = {
			isa = PBXProject;
			attributes = {
				BuildIndependentTargetsInParallel = 1;
				LastSwiftUpdateCheck = 1430;
				LastUpgradeCheck = 1430;
				TargetAttributes = {
					580EBB6E2A7046B200625466 = {
						CreatedOnToolsVersion = 14.3.1;
					};
					580EBB812A7046CC00625466 = {
						CreatedOnToolsVersion = 14.3.1;
						TestTargetID = 580EBB6E2A7046B200625466;
					};
					580EBB8B2A7046CC00625466 = {
						CreatedOnToolsVersion = 14.3.1;
						TestTargetID = 580EBB6E2A7046B200625466;
					};
				};
			};
			buildConfigurationList = 580EBB6A2A7046B200625466 /* Build configuration list for PBXProject "Pets Of Eulerity" */;
			compatibilityVersion = "Xcode 14.0";
			developmentRegion = en;
			hasScannedForEncodings = 0;
			knownRegions = (
				en,
				Base,
			);
			mainGroup = 580EBB662A7046B200625466;
			productRefGroup = 580EBB702A7046B200625466 /* Products */;
			projectDirPath = "";
			projectRoot = "";
			targets = (
				580EBB6E2A7046B200625466 /* Pets Of Eulerity */,
				580EBB812A7046CC00625466 /* Pets Of EulerityTests */,
				580EBB8B2A7046CC00625466 /* Pets Of EulerityUITests */,
			);
		};
/* End PBXProject section */

/* Begin PBXResourcesBuildPhase section */
		580EBB6D2A7046B200625466 /* Resources */ = {
			isa = PBXResourcesBuildPhase;
			buildActionMask = 2147483647;
			files = (
				580EBB782A7046CC00625466 /* Preview Assets.xcassets in Resources */,
			);
			runOnlyForDeploymentPostprocessing = 0;
		};
		580EBB802A7046CC00625466 /* Resources */ = {
			isa = PBXResourcesBuildPhase;
			buildActionMask = 2147483647;
			files = (
			);
			runOnlyForDeploymentPostprocessing = 0;
		};
		580EBB8A2A7046CC00625466 /* Resources */ = {
			isa = PBXResourcesBuildPhase;
			buildActionMask = 2147483647;
			files = (
			);
			runOnlyForDeploymentPostprocessing = 0;
		};
/* End PBXResourcesBuildPhase section */

/* Begin PBXSourcesBuildPhase section */
		580EBB6B2A7046B200625466 /* Sources */ = {
			isa = PBXSourcesBuildPhase;
			buildActionMask = 2147483647;
			files = (
				580EBB7A2A7046CC00625466 /* Persistence.swift in Sources */,
				580EBB752A7046B200625466 /* ContentView.swift in Sources */,
				580EBB732A7046B200625466 /* Pets_Of_EulerityApp.swift in Sources */,
				580EBB7D2A7046CC00625466 /* Pets_Of_Eulerity.xcdatamodeld in Sources */,
			);
			runOnlyForDeploymentPostprocessing = 0;
		};
		580EBB7E2A7046CC00625466 /* Sources */ = {
			isa = PBXSourcesBuildPhase;
			buildActionMask = 2147483647;
			files = (
				580EBB872A7046CC00625466 /* Pets_Of_EulerityTests.swift in Sources */,
			);
			runOnlyForDeploymentPostprocessing = 0;
		};
		580EBB882A7046CC00625466 /* Sources */ = {
			isa = PBXSourcesBuildPhase;
			buildActionMask = 2147483647;
			files = (
				580EBB932A7046CC00625466 /* Pets_Of_EulerityUITestsLaunchTests.swift in Sources */,
				580EBB912A7046CC00625466 /* Pets_Of_EulerityUITests.swift in Sources */,
			);
			runOnlyForDeploymentPostprocessing = 0;
		};
/* End PBXSourcesBuildPhase section */

/* Begin PBXTargetDependency section */
		580EBB842A7046CC00625466 /* PBXTargetDependency */ = {
			isa = PBXTargetDependency;
			target = 580EBB6E2A7046B200625466 /* Pets Of Eulerity */;
			targetProxy = 580EBB832A7046CC00625466 /* PBXContainerItemProxy */;
		};
		580EBB8E2A7046CC00625466 /* PBXTargetDependency */ = {
			isa = PBXTargetDependency;
			target = 580EBB6E2A7046B200625466 /* Pets Of Eulerity */;
			targetProxy = 580EBB8D2A7046CC00625466 /* PBXContainerItemProxy */;
		};
/* End PBXTargetDependency section */

/* Begin XCBuildConfiguration section */
		580EBB942A7046CC00625466 /* Debug */ = {
			isa = XCBuildConfiguration;
			buildSettings = {
				ALWAYS_SEARCH_USER_PATHS = NO;
				CLANG_ANALYZER_NONNULL = YES;
				CLANG_ANALYZER_NUMBER_OBJECT_CONVERSION = YES_AGGRESSIVE;
				CLANG_CXX_LANGUAGE_STANDARD = "gnu++20";
				CLANG_ENABLE_MODULES = YES;
				CLANG_ENABLE_OBJC_ARC = YES;
				CLANG_ENABLE_OBJC_WEAK = YES;
				CLANG_WARN_BLOCK_CAPTURE_AUTORELEASING = YES;
				CLANG_WARN_BOOL_CONVERSION = YES;
				CLANG_WARN_COMMA = YES;
				CLANG_WARN_CONSTANT_CONVERSION = YES;
				CLANG_WARN_DEPRECATED_OBJC_IMPLEMENTATIONS = YES;
				CLANG_WARN_DIRECT_OBJC_ISA_USAGE = YES_ERROR;
				CLANG_WARN_DOCUMENTATION_COMMENTS = YES;
				CLANG_WARN_EMPTY_BODY = YES;
				CLANG_WARN_ENUM_CONVERSION = YES;
				CLANG_WARN_INFINITE_RECURSION = YES;
				CLANG_WARN_INT_CONVERSION = YES;
				CLANG_WARN_NON_LITERAL_NULL_CONVERSION = YES;
				CLANG_WARN_OBJC_IMPLICIT_RETAIN_SELF = YES;
				CLANG_WARN_OBJC_LITERAL_CONVERSION = YES;
				CLANG_WARN_OBJC_ROOT_CLASS = YES_ERROR;
				CLANG_WARN_QUOTED_INCLUDE_IN_FRAMEWORK_HEADER = YES;
				CLANG_WARN_RANGE_LOOP_ANALYSIS = YES;
				CLANG_WARN_STRICT_PROTOTYPES = YES;
				CLANG_WARN_SUSPICIOUS_MOVE = YES;
				CLANG_WARN_UNGUARDED_AVAILABILITY = YES_AGGRESSIVE;
				CLANG_WARN_UNREACHABLE_CODE = YES;
				CLANG_WARN__DUPLICATE_METHOD_MATCH = YES;
				COPY_PHASE_STRIP = NO;
				DEBUG_INFORMATION_FORMAT = dwarf;
				ENABLE_STRICT_OBJC_MSGSEND = YES;
				ENABLE_TESTABILITY = YES;
				GCC_C_LANGUAGE_STANDARD = gnu11;
				GCC_DYNAMIC_NO_PIC = NO;
				GCC_NO_COMMON_BLOCKS = YES;
				GCC_OPTIMIZATION_LEVEL = 0;
				GCC_PREPROCESSOR_DEFINITIONS = (
					"DEBUG=1",
					"$(inherited)",
				);
				GCC_WARN_64_TO_32_BIT_CONVERSION = YES;
				GCC_WARN_ABOUT_RETURN_TYPE = YES_ERROR;
				GCC_WARN_UNDECLARED_SELECTOR = YES;
				GCC_WARN_UNINITIALIZED_AUTOS = YES_AGGRESSIVE;
				GCC_WARN_UNUSED_FUNCTION = YES;
				GCC_WARN_UNUSED_VARIABLE = YES;
				IPHONEOS_DEPLOYMENT_TARGET = 16.4;
				MTL_ENABLE_DEBUG_INFO = INCLUDE_SOURCE;
				MTL_FAST_MATH = YES;
				ONLY_ACTIVE_ARCH = YES;
				SDKROOT = iphoneos;
				SWIFT_ACTIVE_COMPILATION_CONDITIONS = DEBUG;
				SWIFT_OPTIMIZATION_LEVEL = "-Onone";
			};
			name = Debug;
		};
		580EBB952A7046CC00625466 /* Release */ = {
			isa = XCBuildConfiguration;
			buildSettings = {
				ALWAYS_SEARCH_USER_PATHS = NO;
				CLANG_ANALYZER_NONNULL = YES;
				CLANG_ANALYZER_NUMBER_OBJECT_CONVERSION = YES_AGGRESSIVE;
				CLANG_CXX_LANGUAGE_STANDARD = "gnu++20";
				CLANG_ENABLE_MODULES = YES;
				CLANG_ENABLE_OBJC_ARC = YES;
				CLANG_ENABLE_OBJC_WEAK = YES;
				CLANG_WARN_BLOCK_CAPTURE_AUTORELEASING = YES;
				CLANG_WARN_BOOL_CONVERSION = YES;
				CLANG_WARN_COMMA = YES;
				CLANG_WARN_CONSTANT_CONVERSION = YES;
				CLANG_WARN_DEPRECATED_OBJC_IMPLEMENTATIONS = YES;
				CLANG_WARN_DIRECT_OBJC_ISA_USAGE = YES_ERROR;
				CLANG_WARN_DOCUMENTATION_COMMENTS = YES;
				CLANG_WARN_EMPTY_BODY = YES;
				CLANG_WARN_ENUM_CONVERSION = YES;
				CLANG_WARN_INFINITE_RECURSION = YES;
				CLANG_WARN_INT_CONVERSION = YES;
				CLANG_WARN_NON_LITERAL_NULL_CONVERSION = YES;
				CLANG_WARN_OBJC_IMPLICIT_RETAIN_SELF = YES;
				CLANG_WARN_OBJC_LITERAL_CONVERSION = YES;
				CLANG_WARN_OBJC_ROOT_CLASS = YES_ERROR;
				CLANG_WARN_QUOTED_INCLUDE_IN_FRAMEWORK_HEADER = YES;
				CLANG_WARN_RANGE_LOOP_ANALYSIS = YES;
				CLANG_WARN_STRICT_PROTOTYPES = YES;
				CLANG_WARN_SUSPICIOUS_MOVE = YES;
				CLANG_WARN_UNGUARDED_AVAILABILITY = YES_AGGRESSIVE;
				CLANG_WARN_UNREACHABLE_CODE = YES;
				CLANG_WARN__DUPLICATE_METHOD_MATCH = YES;
				COPY_PHASE_STRIP = NO;
				DEBUG_INFORMATION_FORMAT = "dwarf-with-dsym";
				ENABLE_NS_ASSERTIONS = NO;
				ENABLE_STRICT_OBJC_MSGSEND = YES;
				GCC_C_LANGUAGE_STANDARD = gnu11;
				GCC_NO_COMMON_BLOCKS = YES;
				GCC_WARN_64_TO_32_BIT_CONVERSION = YES;
				GCC_WARN_ABOUT_RETURN_TYPE = YES_ERROR;
				GCC_WARN_UNDECLARED_SELECTOR = YES;
				GCC_WARN_UNINITIALIZED_AUTOS = YES_AGGRESSIVE;
				GCC_WARN_UNUSED_FUNCTION = YES;
				GCC_WARN_UNUSED_VARIABLE = YES;
				IPHONEOS_DEPLOYMENT_TARGET = 16.4;
				MTL_ENABLE_DEBUG_INFO = NO;
				MTL_FAST_MATH = YES;
				SDKROOT = iphoneos;
				SWIFT_COMPILATION_MODE = wholemodule;
				SWIFT_OPTIMIZATION_LEVEL = "-O";
				VALIDATE_PRODUCT = YES;
			};
			name = Release;
		};
		580EBB972A7046CC00625466 /* Debug */ = {
			isa = XCBuildConfiguration;
			buildSettings = {
				ASSETCATALOG_COMPILER_APPICON_NAME = AppIcon;
				ASSETCATALOG_COMPILER_GLOBAL_ACCENT_COLOR_NAME = AccentColor;
				CODE_SIGN_STYLE = Automatic;
				CURRENT_PROJECT_VERSION = 1;
				DEVELOPMENT_ASSET_PATHS = "\"Pets Of Eulerity/Preview Content\"";
				DEVELOPMENT_TEAM = L32DVJ4ZVQ;
				ENABLE_PREVIEWS = YES;
				GENERATE_INFOPLIST_FILE = YES;
				INFOPLIST_KEY_UIApplicationSceneManifest_Generation = YES;
				INFOPLIST_KEY_UIApplicationSupportsIndirectInputEvents = YES;
				INFOPLIST_KEY_UILaunchScreen_Generation = YES;
				INFOPLIST_KEY_UISupportedInterfaceOrientations_iPad = "UIInterfaceOrientationPortrait UIInterfaceOrientationPortraitUpsideDown UIInterfaceOrientationLandscapeLeft UIInterfaceOrientationLandscapeRight";
				INFOPLIST_KEY_UISupportedInterfaceOrientations_iPhone = "UIInterfaceOrientationPortrait UIInterfaceOrientationLandscapeLeft UIInterfaceOrientationLandscapeRight";
				LD_RUNPATH_SEARCH_PATHS = (
					"$(inherited)",
					"@executable_path/Frameworks",
				);
				MARKETING_VERSION = 1.0;
				PRODUCT_BUNDLE_IDENTIFIER = "brysonmcclure.Pets-Of-Eulerity";
				PRODUCT_NAME = "$(TARGET_NAME)";
				SWIFT_EMIT_LOC_STRINGS = YES;
				SWIFT_VERSION = 5.0;
				TARGETED_DEVICE_FAMILY = "1,2";
			};
			name = Debug;
		};
		580EBB982A7046CC00625466 /* Release */ = {
			isa = XCBuildConfiguration;
			buildSettings = {
				ASSETCATALOG_COMPILER_APPICON_NAME = AppIcon;
				ASSETCATALOG_COMPILER_GLOBAL_ACCENT_COLOR_NAME = AccentColor;
				CODE_SIGN_STYLE = Automatic;
				CURRENT_PROJECT_VERSION = 1;
				DEVELOPMENT_ASSET_PATHS = "\"Pets Of Eulerity/Preview Content\"";
				DEVELOPMENT_TEAM = L32DVJ4ZVQ;
				ENABLE_PREVIEWS = YES;
				GENERATE_INFOPLIST_FILE = YES;
				INFOPLIST_KEY_UIApplicationSceneManifest_Generation = YES;
				INFOPLIST_KEY_UIApplicationSupportsIndirectInputEvents = YES;
				INFOPLIST_KEY_UILaunchScreen_Generation = YES;
				INFOPLIST_KEY_UISupportedInterfaceOrientations_iPad = "UIInterfaceOrientationPortrait UIInterfaceOrientationPortraitUpsideDown UIInterfaceOrientationLandscapeLeft UIInterfaceOrientationLandscapeRight";
				INFOPLIST_KEY_UISupportedInterfaceOrientations_iPhone = "UIInterfaceOrientationPortrait UIInterfaceOrientationLandscapeLeft UIInterfaceOrientationLandscapeRight";
				LD_RUNPATH_SEARCH_PATHS = (
					"$(inherited)",
					"@executable_path/Frameworks",
				);
				MARKETING_VERSION = 1.0;
				PRODUCT_BUNDLE_IDENTIFIER = "brysonmcclure.Pets-Of-Eulerity";
				PRODUCT_NAME = "$(TARGET_NAME)";
				SWIFT_EMIT_LOC_STRINGS = YES;
				SWIFT_VERSION = 5.0;
				TARGETED_DEVICE_FAMILY = "1,2";
			};
			name = Release;
		};
		580EBB9A2A7046CC00625466 /* Debug */ = {
			isa = XCBuildConfiguration;
			buildSettings = {
				ALWAYS_EMBED_SWIFT_STANDARD_LIBRARIES = YES;
				BUNDLE_LOADER = "$(TEST_HOST)";
				CODE_SIGN_STYLE = Automatic;
				CURRENT_PROJECT_VERSION = 1;
				DEVELOPMENT_TEAM = L32DVJ4ZVQ;
				GENERATE_INFOPLIST_FILE = YES;
				IPHONEOS_DEPLOYMENT_TARGET = 16.4;
				MARKETING_VERSION = 1.0;
				PRODUCT_BUNDLE_IDENTIFIER = "brysonmcclure.Pets-Of-EulerityTests";
				PRODUCT_NAME = "$(TARGET_NAME)";
				SWIFT_EMIT_LOC_STRINGS = NO;
				SWIFT_VERSION = 5.0;
				TARGETED_DEVICE_FAMILY = "1,2";
				TEST_HOST = "$(BUILT_PRODUCTS_DIR)/Pets Of Eulerity.app/$(BUNDLE_EXECUTABLE_FOLDER_PATH)/Pets Of Eulerity";
			};
			name = Debug;
		};
		580EBB9B2A7046CC00625466 /* Release */ = {
			isa = XCBuildConfiguration;
			buildSettings = {
				ALWAYS_EMBED_SWIFT_STANDARD_LIBRARIES = YES;
				BUNDLE_LOADER = "$(TEST_HOST)";
				CODE_SIGN_STYLE = Automatic;
				CURRENT_PROJECT_VERSION = 1;
				DEVELOPMENT_TEAM = L32DVJ4ZVQ;
				GENERATE_INFOPLIST_FILE = YES;
				IPHONEOS_DEPLOYMENT_TARGET = 16.4;
				MARKETING_VERSION = 1.0;
				PRODUCT_BUNDLE_IDENTIFIER = "brysonmcclure.Pets-Of-EulerityTests";
				PRODUCT_NAME = "$(TARGET_NAME)";
				SWIFT_EMIT_LOC_STRINGS = NO;
				SWIFT_VERSION = 5.0;
				TARGETED_DEVICE_FAMILY = "1,2";
				TEST_HOST = "$(BUILT_PRODUCTS_DIR)/Pets Of Eulerity.app/$(BUNDLE_EXECUTABLE_FOLDER_PATH)/Pets Of Eulerity";
			};
			name = Release;
		};
		580EBB9D2A7046CC00625466 /* Debug */ = {
			isa = XCBuildConfiguration;
			buildSettings = {
				ALWAYS_EMBED_SWIFT_STANDARD_LIBRARIES = YES;
				CODE_SIGN_STYLE = Automatic;
				CURRENT_PROJECT_VERSION = 1;
				DEVELOPMENT_TEAM = L32DVJ4ZVQ;
				GENERATE_INFOPLIST_FILE = YES;
				MARKETING_VERSION = 1.0;
				PRODUCT_BUNDLE_IDENTIFIER = "brysonmcclure.Pets-Of-EulerityUITests";
				PRODUCT_NAME = "$(TARGET_NAME)";
				SWIFT_EMIT_LOC_STRINGS = NO;
				SWIFT_VERSION = 5.0;
				TARGETED_DEVICE_FAMILY = "1,2";
				TEST_TARGET_NAME = "Pets Of Eulerity";
			};
			name = Debug;
		};
		580EBB9E2A7046CC00625466 /* Release */ = {
			isa = XCBuildConfiguration;
			buildSettings = {
				ALWAYS_EMBED_SWIFT_STANDARD_LIBRARIES = YES;
				CODE_SIGN_STYLE = Automatic;
				CURRENT_PROJECT_VERSION = 1;
				DEVELOPMENT_TEAM = L32DVJ4ZVQ;
				GENERATE_INFOPLIST_FILE = YES;
				MARKETING_VERSION = 1.0;
				PRODUCT_BUNDLE_IDENTIFIER = "brysonmcclure.Pets-Of-EulerityUITests";
				PRODUCT_NAME = "$(TARGET_NAME)";
				SWIFT_EMIT_LOC_STRINGS = NO;
				SWIFT_VERSION = 5.0;
				TARGETED_DEVICE_FAMILY = "1,2";
				TEST_TARGET_NAME = "Pets Of Eulerity";
			};
			name = Release;
		};
/* End XCBuildConfiguration section */

/* Begin XCConfigurationList section */
		580EBB6A2A7046B200625466 /* Build configuration list for PBXProject "Pets Of Eulerity" */ = {
			isa = XCConfigurationList;
			buildConfigurations = (
				580EBB942A7046CC00625466 /* Debug */,
				580EBB952A7046CC00625466 /* Release */,
			);
			defaultConfigurationIsVisible = 0;
			defaultConfigurationName = Release;
		};
		580EBB962A7046CC00625466 /* Build configuration list for PBXNativeTarget "Pets Of Eulerity" */ = {
			isa = XCConfigurationList;
			buildConfigurations = (
				580EBB972A7046CC00625466 /* Debug */,
				580EBB982A7046CC00625466 /* Release */,
			);
			defaultConfigurationIsVisible = 0;
			defaultConfigurationName = Release;
		};
		580EBB992A7046CC00625466 /* Build configuration list for PBXNativeTarget "Pets Of EulerityTests" */ = {
			isa = XCConfigurationList;
			buildConfigurations = (
				580EBB9A2A7046CC00625466 /* Debug */,
				580EBB9B2A7046CC00625466 /* Release */,
			);
			defaultConfigurationIsVisible = 0;
			defaultConfigurationName = Release;
		};
		580EBB9C2A7046CC00625466 /* Build configuration list for PBXNativeTarget "Pets Of EulerityUITests" */ = {
			isa = XCConfigurationList;
			buildConfigurations = (
				580EBB9D2A7046CC00625466 /* Debug */,
				580EBB9E2A7046CC00625466 /* Release */,
			);
			defaultConfigurationIsVisible = 0;
			defaultConfigurationName = Release;
		};
/* End XCConfigurationList section */

/* Begin XCVersionGroup section */
		580EBB7B2A7046CC00625466 /* Pets_Of_Eulerity.xcdatamodeld */ = {
			isa = XCVersionGroup;
			children = (
				580EBB7C2A7046CC00625466 /* Pets_Of_Eulerity.xcdatamodel */,
			);
			currentVersion = 580EBB7C2A7046CC00625466 /* Pets_Of_Eulerity.xcdatamodel */;
			path = Pets_Of_Eulerity.xcdatamodeld;
			sourceTree = "<group>";
			versionGroupType = wrapper.xcdatamodel;
		};
/* End XCVersionGroup section */
	};
	rootObject = 580EBB672A7046B200625466 /* Project object */;
}
